
Microsoft Visual Studio Solution File, Format Version 12.00
# Visual Studio 15
VisualStudioVersion = 15.0.26124.0
MinimumVisualStudioVersion = 15.0.26124.0
Project("{FAE04EC0-301F-11D3-BF4B-00C04F79EFBC}") = "Domain", "Domain\Domain.csproj", "{01BE9900-7230-43C8-BE2A-F36E1D66CAF0}"
EndProject
Project("{FAE04EC0-301F-11D3-BF4B-00C04F79EFBC}") = "Application", "Application\Application.csproj", "{9E5F815D-41E8-418C-9BF6-37D6607BB0C5}"
EndProject
Project("{FAE04EC0-301F-11D3-BF4B-00C04F79EFBC}") = "Persistence", "Persistence\Persistence.csproj", "{E894AB5C-3E52-4F24-8D90-3A247E4D0A8D}"
EndProject
Project("{FAE04EC0-301F-11D3-BF4B-00C04F79EFBC}") = "API", "API\API.csproj", "{E101A1EA-2A52-4553-8B89-3C78FCD65442}"
EndProject
Project("{FAE04EC0-301F-11D3-BF4B-00C04F79EFBC}") = "Infrastructure", "Infrastructure\Infrastructure.csproj", "{B506B3D1-02E9-4032-ACF2-A0C09259621B}"
EndProject
Global
	GlobalSection(SolutionConfigurationPlatforms) = preSolution
		Debug|Any CPU = Debug|Any CPU
		Debug|x64 = Debug|x64
		Debug|x86 = Debug|x86
		Release|Any CPU = Release|Any CPU
		Release|x64 = Release|x64
		Release|x86 = Release|x86
	EndGlobalSection
	GlobalSection(SolutionProperties) = preSolution
		HideSolutionNode = FALSE
	EndGlobalSection
	GlobalSection(ProjectConfigurationPlatforms) = postSolution
		{01BE9900-7230-43C8-BE2A-F36E1D66CAF0}.Debug|Any CPU.ActiveCfg = Debug|Any CPU
		{01BE9900-7230-43C8-BE2A-F36E1D66CAF0}.Debug|Any CPU.Build.0 = Debug|Any CPU
		{01BE9900-7230-43C8-BE2A-F36E1D66CAF0}.Debug|x64.ActiveCfg = Debug|Any CPU
		{01BE9900-7230-43C8-BE2A-F36E1D66CAF0}.Debug|x64.Build.0 = Debug|Any CPU
		{01BE9900-7230-43C8-BE2A-F36E1D66CAF0}.Debug|x86.ActiveCfg = Debug|Any CPU
		{01BE9900-7230-43C8-BE2A-F36E1D66CAF0}.Debug|x86.Build.0 = Debug|Any CPU
		{01BE9900-7230-43C8-BE2A-F36E1D66CAF0}.Release|Any CPU.ActiveCfg = Release|Any CPU
		{01BE9900-7230-43C8-BE2A-F36E1D66CAF0}.Release|Any CPU.Build.0 = Release|Any CPU
		{01BE9900-7230-43C8-BE2A-F36E1D66CAF0}.Release|x64.ActiveCfg = Release|Any CPU
		{01BE9900-7230-43C8-BE2A-F36E1D66CAF0}.Release|x64.Build.0 = Release|Any CPU
		{01BE9900-7230-43C8-BE2A-F36E1D66CAF0}.Release|x86.ActiveCfg = Release|Any CPU
		{01BE9900-7230-43C8-BE2A-F36E1D66CAF0}.Release|x86.Build.0 = Release|Any CPU
		{9E5F815D-41E8-418C-9BF6-37D6607BB0C5}.Debug|Any CPU.ActiveCfg = Debug|Any CPU
		{9E5F815D-41E8-418C-9BF6-37D6607BB0C5}.Debug|Any CPU.Build.0 = Debug|Any CPU
		{9E5F815D-41E8-418C-9BF6-37D6607BB0C5}.Debug|x64.ActiveCfg = Debug|Any CPU
		{9E5F815D-41E8-418C-9BF6-37D6607BB0C5}.Debug|x64.Build.0 = Debug|Any CPU
		{9E5F815D-41E8-418C-9BF6-37D6607BB0C5}.Debug|x86.ActiveCfg = Debug|Any CPU
		{9E5F815D-41E8-418C-9BF6-37D6607BB0C5}.Debug|x86.Build.0 = Debug|Any CPU
		{9E5F815D-41E8-418C-9BF6-37D6607BB0C5}.Release|Any CPU.ActiveCfg = Release|Any CPU
		{9E5F815D-41E8-418C-9BF6-37D6607BB0C5}.Release|Any CPU.Build.0 = Release|Any CPU
		{9E5F815D-41E8-418C-9BF6-37D6607BB0C5}.Release|x64.ActiveCfg = Release|Any CPU
		{9E5F815D-41E8-418C-9BF6-37D6607BB0C5}.Release|x64.Build.0 = Release|Any CPU
		{9E5F815D-41E8-418C-9BF6-37D6607BB0C5}.Release|x86.ActiveCfg = Release|Any CPU
		{9E5F815D-41E8-418C-9BF6-37D6607BB0C5}.Release|x86.Build.0 = Release|Any CPU
		{E894AB5C-3E52-4F24-8D90-3A247E4D0A8D}.Debug|Any CPU.ActiveCfg = Debug|Any CPU
		{E894AB5C-3E52-4F24-8D90-3A247E4D0A8D}.Debug|Any CPU.Build.0 = Debug|Any CPU
		{E894AB5C-3E52-4F24-8D90-3A247E4D0A8D}.Debug|x64.ActiveCfg = Debug|Any CPU
		{E894AB5C-3E52-4F24-8D90-3A247E4D0A8D}.Debug|x64.Build.0 = Debug|Any CPU
		{E894AB5C-3E52-4F24-8D90-3A247E4D0A8D}.Debug|x86.ActiveCfg = Debug|Any CPU
		{E894AB5C-3E52-4F24-8D90-3A247E4D0A8D}.Debug|x86.Build.0 = Debug|Any CPU
		{E894AB5C-3E52-4F24-8D90-3A247E4D0A8D}.Release|Any CPU.ActiveCfg = Release|Any CPU
		{E894AB5C-3E52-4F24-8D90-3A247E4D0A8D}.Release|Any CPU.Build.0 = Release|Any CPU
		{E894AB5C-3E52-4F24-8D90-3A247E4D0A8D}.Release|x64.ActiveCfg = Release|Any CPU
		{E894AB5C-3E52-4F24-8D90-3A247E4D0A8D}.Release|x64.Build.0 = Release|Any CPU
		{E894AB5C-3E52-4F24-8D90-3A247E4D0A8D}.Release|x86.ActiveCfg = Release|Any CPU
		{E894AB5C-3E52-4F24-8D90-3A247E4D0A8D}.Release|x86.Build.0 = Release|Any CPU
		{E101A1EA-2A52-4553-8B89-3C78FCD65442}.Debug|Any CPU.ActiveCfg = Debug|Any CPU
		{E101A1EA-2A52-4553-8B89-3C78FCD65442}.Debug|Any CPU.Build.0 = Debug|Any CPU
		{E101A1EA-2A52-4553-8B89-3C78FCD65442}.Debug|x64.ActiveCfg = Debug|Any CPU
		{E101A1EA-2A52-4553-8B89-3C78FCD65442}.Debug|x64.Build.0 = Debug|Any CPU
		{E101A1EA-2A52-4553-8B89-3C78FCD65442}.Debug|x86.ActiveCfg = Debug|Any CPU
		{E101A1EA-2A52-4553-8B89-3C78FCD65442}.Debug|x86.Build.0 = Debug|Any CPU
		{E101A1EA-2A52-4553-8B89-3C78FCD65442}.Release|Any CPU.ActiveCfg = Release|Any CPU
		{E101A1EA-2A52-4553-8B89-3C78FCD65442}.Release|Any CPU.Build.0 = Release|Any CPU
		{E101A1EA-2A52-4553-8B89-3C78FCD65442}.Release|x64.ActiveCfg = Release|Any CPU
		{E101A1EA-2A52-4553-8B89-3C78FCD65442}.Release|x64.Build.0 = Release|Any CPU
		{E101A1EA-2A52-4553-8B89-3C78FCD65442}.Release|x86.ActiveCfg = Release|Any CPU
		{E101A1EA-2A52-4553-8B89-3C78FCD65442}.Release|x86.Build.0 = Release|Any CPU
		{B506B3D1-02E9-4032-ACF2-A0C09259621B}.Debug|Any CPU.ActiveCfg = Debug|Any CPU
		{B506B3D1-02E9-4032-ACF2-A0C09259621B}.Debug|Any CPU.Build.0 = Debug|Any CPU
		{B506B3D1-02E9-4032-ACF2-A0C09259621B}.Debug|x64.ActiveCfg = Debug|Any CPU
		{B506B3D1-02E9-4032-ACF2-A0C09259621B}.Debug|x64.Build.0 = Debug|Any CPU
		{B506B3D1-02E9-4032-ACF2-A0C09259621B}.Debug|x86.ActiveCfg = Debug|Any CPU
		{B506B3D1-02E9-4032-ACF2-A0C09259621B}.Debug|x86.Build.0 = Debug|Any CPU
		{B506B3D1-02E9-4032-ACF2-A0C09259621B}.Release|Any CPU.ActiveCfg = Release|Any CPU
		{B506B3D1-02E9-4032-ACF2-A0C09259621B}.Release|Any CPU.Build.0 = Release|Any CPU
		{B506B3D1-02E9-4032-ACF2-A0C09259621B}.Release|x64.ActiveCfg = Release|Any CPU
		{B506B3D1-02E9-4032-ACF2-A0C09259621B}.Release|x64.Build.0 = Release|Any CPU
		{B506B3D1-02E9-4032-ACF2-A0C09259621B}.Release|x86.ActiveCfg = Release|Any CPU
		{B506B3D1-02E9-4032-ACF2-A0C09259621B}.Release|x86.Build.0 = Release|Any CPU
	EndGlobalSection
EndGlobal
